# THIS IS AN AUTOGENERATED FILE. DO NOT EDIT THIS FILE DIRECTLY.
# yarn lockfile v1


"@orbit-online/create-task-runner@^1.4.1":
  version "1.4.1"
  resolved "https://registry.yarnpkg.com/@orbit-online/create-task-runner/-/create-task-runner-1.4.1.tgz#0bf8941de23258fea947b23a5c6b065691612a71"
  integrity sha512-k9VcF+Yt+l122Sk2o3ogpLxDYol7/5kdtj/IVjUdewdQIP32N2uZY3B7cCfms0y+EwLUZOjRHyqGf0UOFJ3jDA==
  dependencies:
    "@orbit-online/task-runner" "^1.2.0"

"@orbit-online/package-version@^1.2.1":
  version "1.2.1"
  resolved "https://registry.yarnpkg.com/@orbit-online/package-version/-/package-version-1.2.1.tgz#765872da80c9045f365bff24828b05e746299fe7"
  integrity sha512-RtJZJSrebb6z+VD+ENqKZwQZP7mgGdNf6I0ubXk4YY87wX+1LVK5G2maJbUFgxCpxaNuDWuT1NeOmWb2a489wg==

"@orbit-online/task-runner@^1.2.0":
  version "1.2.0"
  resolved "https://registry.yarnpkg.com/@orbit-online/task-runner/-/task-runner-1.2.0.tgz#b0517b8421a85097d86b0f09a2b9a2948e0767d3"
  integrity sha512-ymF1v7GhDysiMiRyH2R1+5d5OWX57IlfxTebzG7D4n6C39tjiGqlk1mgR3Ok8JnirX0Kl7JEzURPFHjKHTfJYg==
