# THIS IS AN AUTOGENERATED FILE. DO NOT EDIT THIS FILE DIRECTLY.
# yarn lockfile v1


"@orbit-online/create-task-runner@^1.2.1":
  version "1.2.1"
  resolved "https://registry.yarnpkg.com/@orbit-online/create-task-runner/-/create-task-runner-1.2.1.tgz#345ad4907ca05f6526c559ebede17e70eb84f0f6"
  integrity sha512-WmUoOmtGPP258pxMpB1nA5TpID73Yrg7oVe6VMzDNzN5U6emwQQtW2DkwndUYYCLhNWYWcDdR0r0Ef5grGFE2w==
  dependencies:
    "@orbit-online/task-runner" "1.0.0"

"@orbit-online/task-runner@1.0.0":
  version "1.0.0"
  resolved "https://registry.yarnpkg.com/@orbit-online/task-runner/-/task-runner-1.0.0.tgz#3f63fcde5e3286a72644ccfee32257d358da1f96"
  integrity sha512-s8ZkI5u0qlH3GgZmAMn2u0gmGu53jPM701bcXftqFUVf6NM9YlJBZbvwcEEqHbGceBZePPq2SpL2sJ926hFUxA==
