# THIS IS AN AUTOGENERATED FILE. DO NOT EDIT THIS FILE DIRECTLY.
# yarn lockfile v1


"@orbit-online/create-task-runner@^2.0.1":
  version "2.0.1"
  resolved "https://registry.yarnpkg.com/@orbit-online/create-task-runner/-/create-task-runner-2.0.1.tgz#a24e867d214e990a91410820fcc14903137606ad"
  integrity sha512-mnD+3acDPS6r6PuDLLdHAsJ/zHULtALmusY1mFxSvkDPetC6i1hXx+4VZFA8Cyu0JZtRalVvi/z0ZT6TL++Meg==
  dependencies:
    "@orbit-online/task-runner" "2.0.1"

"@orbit-online/package-version@^1.3.4":
  version "1.3.4"
  resolved "https://registry.yarnpkg.com/@orbit-online/package-version/-/package-version-1.3.4.tgz#62d0a71a583ea730d7e86f4cd24b487ab780d529"
  integrity sha512-cBukt+/AnUaiZd/5mQ36sLLQpHGYCRHdRIGshegLyAnWmMG5wxbQpcDntnDEzZlphe/MrHGxyWLh6TuqgYplrg==

"@orbit-online/task-runner@2.0.1":
  version "2.0.1"
  resolved "https://registry.yarnpkg.com/@orbit-online/task-runner/-/task-runner-2.0.1.tgz#457e5fa4611f9a29d41bfaad3775838b50510831"
  integrity sha512-QXkmfj4zPCsehtBdrTJICE7N+i5V1LhI/6Pcyak5lBKwjVpvUOhPx2IuuLBJeLH15yYNBoFDiQ53Grr4zzcZOA==
